
Microsoft Visual Studio Solution File, Format Version 12.00
# Visual Studio Version 17
VisualStudioVersion = 17.5.002.0
MinimumVisualStudioVersion = 10.0.40219.1
Project("{9A19103F-16F7-4668-BE54-9A1E7A4F7556}") = "winbash", "winbash.csproj", "{0E7C4ED8-0D7E-49B0-BF46-9818914196E1}"
EndProject
Global
	GlobalSection(SolutionConfigurationPlatforms) = preSolution
		Debug|Any CPU = Debug|Any CPU
		Release|Any CPU = Release|Any CPU
	EndGlobalSection
	GlobalSection(ProjectConfigurationPlatforms) = postSolution
		{0E7C4ED8-0D7E-49B0-BF46-9818914196E1}.Debug|Any CPU.ActiveCfg = Debug|Any CPU
		{0E7C4ED8-0D7E-49B0-BF46-9818914196E1}.Debug|Any CPU.Build.0 = Debug|Any CPU
		{0E7C4ED8-0D7E-49B0-BF46-9818914196E1}.Release|Any CPU.ActiveCfg = Release|Any CPU
		{0E7C4ED8-0D7E-49B0-BF46-9818914196E1}.Release|Any CPU.Build.0 = Release|Any CPU
	EndGlobalSection
	GlobalSection(SolutionProperties) = preSolution
		HideSolutionNode = FALSE
	EndGlobalSection
	GlobalSection(ExtensibilityGlobals) = postSolution
		SolutionGuid = {5213D3C5-7998-4E30-A8BF-63013F522B2A}
	EndGlobalSection
EndGlobal
